<?xml version="1.0" encoding="utf-8"?>
<Project ToolsVersion="4.0" xmlns="http://schemas.microsoft.com/developer/msbuild/2003">
  <ItemGroup>
    <Filter Include="Common">
      <UniqueIdentifier>3ed4882c-1d92-4c74-b5af-54cb828abed7</UniqueIdentifier>
    </Filter>
    <Filter Include="Assets">
      <UniqueIdentifier>c69f8a26-21d2-4625-a0eb-2266c64afcb2</UniqueIdentifier>
      <Extensions>bmp;fbx;gif;jpg;jpeg;tga;tiff;tif;png</Extensions>
    </Filter>
    <Filter Include="Content">
      <UniqueIdentifier>a64b55cb-ab36-42ff-adf1-771c6abfdcf0</UniqueIdentifier>
    </Filter>
    <Image Include="Assets\LockScreenLogo.scale-200.png">
      <Filter>Assets</Filter>
    </Image>
    <Image Include="Assets\SplashScreen.scale-200.png">
      <Filter>Assets</Filter>
    </Image>
    <Image Include="Assets\Square150x150Logo.scale-200.png">
      <Filter>Assets</Filter>
    </Image>
    <Image Include="Assets\Square44x44Logo.scale-200.png">
      <Filter>Assets</Filter>
    </Image>
    <Image Include="Assets\Square44x44Logo.targetsize-24_altform-unplated.png">
      <Filter>Assets</Filter>
    </Image>
    <Image Include="Assets\Wide310x150Logo.scale-200.png">
      <Filter>Assets</Filter>
    </Image>
    <Filter Include="Shaders">
      <UniqueIdentifier>{bae0e707-17bf-4ff8-ab81-98f9ec4d1b76}</UniqueIdentifier>
    </Filter>
  </ItemGroup>
  <ItemGroup>
    <ClCompile Include="pch.cpp" />
    <ClCompile Include="App.cpp" />
    <ClCompile Include="Demo.cpp" />
    <ClCompile Include="Model.cpp" />
  </ItemGroup>
  <ItemGroup>
    <ClInclude Include="pch.h" />
    <ClInclude Include="Demo.h" />
    <ClInclude Include="Model.h" />
  </ItemGroup>
  <ItemGroup>
    <Image Include="Assets\StoreLogo.png">
      <Filter>Assets</Filter>
    </Image>
  </ItemGroup>
  <ItemGroup>
    <AppxManifest Include="Package.appxmanifest" />
  </ItemGroup>
  <ItemGroup>
    <None Include="DirectXTutorial_TemporaryKey.pfx" />
  </ItemGroup>
  <ItemGroup>
    <FxCompile Include="SimplePixelShader.hlsl">
      <Filter>Shaders</Filter>
    </FxCompile>
    <FxCompile Include="SimpleVertexShader.hlsl">
      <Filter>Shaders</Filter>
    </FxCompile>
  </ItemGroup>
</Project>